{
  "version": 4,
  "terraform_version": "1.9.3",
  "serial": 16,
  "lineage": "ea5ea978-cad4-fe00-3f42-71e731c3a58e",
  "outputs": {
    "service_url": {
      "value": "https://node-app-pokfcnlaba-el.a.run.app",
      "type": "string"
    }
  },
  "resources": [
    {
      "mode": "data",
      "type": "google_compute_default_service_account",
      "name": "default",
      "provider": "provider[\"registry.terraform.io/hashicorp/google\"]",
      "instances": [
        {
          "schema_version": 0,
          "attributes": {
            "display_name": "Compute Engine default service account",
            "email": "702225762100-compute@developer.gserviceaccount.com",
            "id": "projects/somesh-test-431706/serviceAccounts/702225762100-compute@developer.gserviceaccount.com",
            "member": "serviceAccount:702225762100-compute@developer.gserviceaccount.com",
            "name": "projects/somesh-test-431706/serviceAccounts/702225762100-compute@developer.gserviceaccount.com",
            "project": "somesh-test-431706",
            "unique_id": "115596422670648289112"
          },
          "sensitive_attributes": []
        }
      ]
    },
    {
      "mode": "data",
      "type": "google_iam_policy",
      "name": "noauth",
      "provider": "provider[\"registry.terraform.io/hashicorp/google\"]",
      "instances": [
        {
          "schema_version": 0,
          "attributes": {
            "audit_config": null,
            "binding": [
              {
                "condition": [],
                "members": [
                  "allUsers"
                ],
                "role": "roles/run.invoker"
              }
            ],
            "id": "3450855414",
            "policy_data": "{\"bindings\":[{\"members\":[\"allUsers\"],\"role\":\"roles/run.invoker\"}]}"
          },
          "sensitive_attributes": []
        }
      ]
    },
    {
      "mode": "managed",
      "type": "google_cloud_run_service",
      "name": "node_app",
      "provider": "provider[\"registry.terraform.io/hashicorp/google\"]",
      "instances": [
        {
          "schema_version": 2,
          "attributes": {
            "autogenerate_revision_name": false,
            "id": "locations/asia-south1/namespaces/somesh-test-431706/services/node-app",
            "location": "asia-south1",
            "metadata": [
              {
                "annotations": {},
                "effective_annotations": {
                  "run.googleapis.com/ingress": "all",
                  "run.googleapis.com/ingress-status": "all",
                  "run.googleapis.com/operation-id": "3f22d7b5-b394-40ee-aef2-3dce39e4c620",
                  "serving.knative.dev/creator": "somesh@pearlthoughts.com",
                  "serving.knative.dev/lastModifier": "somesh@pearlthoughts.com"
                },
                "effective_labels": {
                  "cloud.googleapis.com/location": "asia-south1",
                  "run.googleapis.com/satisfiesPzs": "true"
                },
                "generation": 1,
                "labels": {},
                "namespace": "somesh-test-431706",
                "resource_version": "AAYfATymX84",
                "self_link": "/apis/serving.knative.dev/v1/namespaces/702225762100/services/node-app",
                "terraform_labels": {},
                "uid": "6d579252-bd27-42cb-946d-27ebc2d5eb5a"
              }
            ],
            "name": "node-app",
            "project": "somesh-test-431706",
            "status": [
              {
                "conditions": [
                  {
                    "message": "",
                    "reason": "",
                    "status": "True",
                    "type": "Ready"
                  },
                  {
                    "message": "",
                    "reason": "",
                    "status": "True",
                    "type": "ConfigurationsReady"
                  },
                  {
                    "message": "",
                    "reason": "",
                    "status": "True",
                    "type": "RoutesReady"
                  }
                ],
                "latest_created_revision_name": "node-app-00001-6fz",
                "latest_ready_revision_name": "node-app-00001-6fz",
                "observed_generation": 1,
                "traffic": [
                  {
                    "latest_revision": true,
                    "percent": 100,
                    "revision_name": "node-app-00001-6fz",
                    "tag": "",
                    "url": ""
                  }
                ],
                "url": "https://node-app-pokfcnlaba-el.a.run.app"
              }
            ],
            "template": [
              {
                "metadata": [
                  {
                    "annotations": {
                      "autoscaling.knative.dev/maxScale": "3"
                    },
                    "generation": 0,
                    "labels": {
                      "run.googleapis.com/startupProbeType": "Default"
                    },
                    "name": "",
                    "namespace": "",
                    "resource_version": "",
                    "self_link": "",
                    "uid": ""
                  }
                ],
                "spec": [
                  {
                    "container_concurrency": 80,
                    "containers": [
                      {
                        "args": null,
                        "command": null,
                        "env": [],
                        "env_from": [],
                        "image": "someshrao007/node_app:latest",
                        "liveness_probe": [],
                        "name": "",
                        "ports": [
                          {
                            "container_port": 8080,
                            "name": "http1",
                            "protocol": ""
                          }
                        ],
                        "resources": [
                          {
                            "limits": {
                              "cpu": "1000m",
                              "memory": "512Mi"
                            },
                            "requests": {}
                          }
                        ],
                        "startup_probe": [
                          {
                            "failure_threshold": 1,
                            "grpc": [],
                            "http_get": [],
                            "initial_delay_seconds": 0,
                            "period_seconds": 240,
                            "tcp_socket": [
                              {
                                "port": 8080
                              }
                            ],
                            "timeout_seconds": 240
                          }
                        ],
                        "volume_mounts": [],
                        "working_dir": ""
                      }
                    ],
                    "service_account_name": "702225762100-compute@developer.gserviceaccount.com",
                    "serving_state": "",
                    "timeout_seconds": 300,
                    "volumes": []
                  }
                ]
              }
            ],
            "timeouts": null,
            "traffic": [
              {
                "latest_revision": true,
                "percent": 100,
                "revision_name": "",
                "tag": "",
                "url": ""
              }
            ]
          },
          "sensitive_attributes": [],
          "private": "eyJlMmJmYjczMC1lY2FhLTExZTYtOGY4OC0zNDM2M2JjN2M0YzAiOnsiY3JlYXRlIjoxMjAwMDAwMDAwMDAwLCJkZWxldGUiOjEyMDAwMDAwMDAwMDAsInVwZGF0ZSI6MTIwMDAwMDAwMDAwMH0sInNjaGVtYV92ZXJzaW9uIjoiMiJ9"
        }
      ]
    },
    {
      "mode": "managed",
      "type": "google_cloud_run_service_iam_policy",
      "name": "noauth",
      "provider": "provider[\"registry.terraform.io/hashicorp/google\"]",
      "instances": [
        {
          "schema_version": 0,
          "attributes": {
            "etag": "BwYfAT2GKm4=",
            "id": "v1/projects/somesh-test-431706/locations/asia-south1/services/node-app",
            "location": "asia-south1",
            "policy_data": "{\"bindings\":[{\"members\":[\"allUsers\"],\"role\":\"roles/run.invoker\"}]}",
            "project": "somesh-test-431706",
            "service": "v1/projects/somesh-test-431706/locations/asia-south1/services/node-app"
          },
          "sensitive_attributes": [],
          "private": "bnVsbA==",
          "dependencies": [
            "data.google_iam_policy.noauth",
            "google_cloud_run_service.node_app"
          ]
        }
      ]
    },
    {
      "mode": "managed",
      "type": "google_project_iam_binding",
      "name": "node_app_binding",
      "provider": "provider[\"registry.terraform.io/hashicorp/google\"]",
      "instances": [
        {
          "schema_version": 0,
          "attributes": {
            "condition": [],
            "etag": "BwYfASp9ZSo=",
            "id": "somesh-test-431706/projects/somesh-test-431706/roles/nodeAppRole",
            "members": [
              "serviceAccount:702225762100-compute@developer.gserviceaccount.com"
            ],
            "project": "somesh-test-431706",
            "role": "projects/somesh-test-431706/roles/nodeAppRole"
          },
          "sensitive_attributes": [],
          "private": "bnVsbA==",
          "dependencies": [
            "data.google_compute_default_service_account.default",
            "google_project_iam_custom_role.node_app_role"
          ]
        }
      ]
    },
    {
      "mode": "managed",
      "type": "google_project_iam_custom_role",
      "name": "node_app_role",
      "provider": "provider[\"registry.terraform.io/hashicorp/google\"]",
      "instances": [
        {
          "schema_version": 0,
          "attributes": {
            "deleted": false,
            "description": "Custom role for managing Node.js application on GKE",
            "id": "projects/somesh-test-431706/roles/nodeAppRole",
            "name": "projects/somesh-test-431706/roles/nodeAppRole",
            "permissions": [
              "container.clusters.get",
              "container.clusters.list",
              "container.pods.get",
              "container.pods.list",
              "container.services.get",
              "container.services.list"
            ],
            "project": "somesh-test-431706",
            "role_id": "nodeAppRole",
            "stage": "GA",
            "title": "Node App Role"
          },
          "sensitive_attributes": [],
          "private": "bnVsbA=="
        }
      ]
    }
  ],
  "check_results": null
}
